// !$*UTF8*$!
{
	archiveVersion = 1;
	classes = {
	};
	objectVersion = 46;
	objects = {

/* Begin PBXBuildFile section */
		14A855249CE5FDE3F4B79F00 /* libPods.a in Frameworks */ = {isa = PBXBuildFile; fileRef = 0889C444FA24CF423A6976F1 /* libPods.a */; };
		9188E2331B150FEB0072EA6B /* Hint.m in Sources */ = {isa = PBXBuildFile; fileRef = 9188E2321B150FEB0072EA6B /* Hint.m */; };
		9188E2361B151E100072EA6B /* Authentication.m in Sources */ = {isa = PBXBuildFile; fileRef = 9188E2351B151E100072EA6B /* Authentication.m */; };
		9188E2391B151E850072EA6B /* RecoveryQuestion.m in Sources */ = {isa = PBXBuildFile; fileRef = 9188E2381B151E850072EA6B /* RecoveryQuestion.m */; };
		9188E23E1B151F560072EA6B /* User.m in Sources */ = {isa = PBXBuildFile; fileRef = 9188E23B1B151F560072EA6B /* User.m */; };
		9188E23F1B151F560072EA6B /* UserProfile.m in Sources */ = {isa = PBXBuildFile; fileRef = 9188E23D1B151F560072EA6B /* UserProfile.m */; };
		9188E2421B1533260072EA6B /* AuthAPIClient.m in Sources */ = {isa = PBXBuildFile; fileRef = 9188E2411B1533260072EA6B /* AuthAPIClient.m */; };
		9188E2551B1D6F1C0072EA6B /* SMSFactorProfile.m in Sources */ = {isa = PBXBuildFile; fileRef = 9188E2501B1D6F1C0072EA6B /* SMSFactorProfile.m */; };
		9188E2561B1D6F1C0072EA6B /* TOTPFactorActivation.m in Sources */ = {isa = PBXBuildFile; fileRef = 9188E2521B1D6F1C0072EA6B /* TOTPFactorActivation.m */; };
		9188E2571B1D6F1C0072EA6B /* TOTPFactorProfile.m in Sources */ = {isa = PBXBuildFile; fileRef = 9188E2541B1D6F1C0072EA6B /* TOTPFactorProfile.m */; };
		9188E25E1B1D70380072EA6B /* Phone.m in Sources */ = {isa = PBXBuildFile; fileRef = 9188E2591B1D70380072EA6B /* Phone.m */; };
		9188E25F1B1D70380072EA6B /* PhoneProfile.m in Sources */ = {isa = PBXBuildFile; fileRef = 9188E25B1B1D70380072EA6B /* PhoneProfile.m */; };
		9188E2601B1D70380072EA6B /* QuestionFactorProfile.m in Sources */ = {isa = PBXBuildFile; fileRef = 9188E25D1B1D70380072EA6B /* QuestionFactorProfile.m */; };
		9188E2631B1D705F0072EA6B /* OKSession.m in Sources */ = {isa = PBXBuildFile; fileRef = 9188E2621B1D705F0072EA6B /* OKSession.m */; };
		9188E2681B1D70750072EA6B /* Factor.m in Sources */ = {isa = PBXBuildFile; fileRef = 9188E2651B1D70750072EA6B /* Factor.m */; };
		9188E2691B1D70750072EA6B /* FactorProfile.m in Sources */ = {isa = PBXBuildFile; fileRef = 9188E2671B1D70750072EA6B /* FactorProfile.m */; };
		9188E26C1B1D70BB0072EA6B /* AuthenticationContext.m in Sources */ = {isa = PBXBuildFile; fileRef = 9188E26B1B1D70BB0072EA6B /* AuthenticationContext.m */; };
		91F2B4001B0D0D1B007E14CC /* main.m in Sources */ = {isa = PBXBuildFile; fileRef = 91F2B3FF1B0D0D1B007E14CC /* main.m */; };
		91F2B4031B0D0D1B007E14CC /* AppDelegate.m in Sources */ = {isa = PBXBuildFile; fileRef = 91F2B4021B0D0D1B007E14CC /* AppDelegate.m */; };
		91F2B4061B0D0D1B007E14CC /* ViewController.m in Sources */ = {isa = PBXBuildFile; fileRef = 91F2B4051B0D0D1B007E14CC /* ViewController.m */; };
		91F2B4091B0D0D1B007E14CC /* Main.storyboard in Resources */ = {isa = PBXBuildFile; fileRef = 91F2B4071B0D0D1B007E14CC /* Main.storyboard */; };
		91F2B40B1B0D0D1B007E14CC /* Images.xcassets in Resources */ = {isa = PBXBuildFile; fileRef = 91F2B40A1B0D0D1B007E14CC /* Images.xcassets */; };
		91F2B40E1B0D0D1B007E14CC /* LaunchScreen.xib in Resources */ = {isa = PBXBuildFile; fileRef = 91F2B40C1B0D0D1B007E14CC /* LaunchScreen.xib */; };
		91F2B41A1B0D0D1B007E14CC /* OvercoatTestTests.m in Sources */ = {isa = PBXBuildFile; fileRef = 91F2B4191B0D0D1B007E14CC /* OvercoatTestTests.m */; };
		91F2B42A1B0D5296007E14CC /* Link.m in Sources */ = {isa = PBXBuildFile; fileRef = 91F2B4291B0D5296007E14CC /* Link.m */; };
/* End PBXBuildFile section */

/* Begin PBXContainerItemProxy section */
		91F2B4141B0D0D1B007E14CC /* PBXContainerItemProxy */ = {
			isa = PBXContainerItemProxy;
			containerPortal = 91F2B3F21B0D0D1B007E14CC /* Project object */;
			proxyType = 1;
			remoteGlobalIDString = 91F2B3F91B0D0D1B007E14CC;
			remoteInfo = OvercoatTest;
		};
/* End PBXContainerItemProxy section */

/* Begin PBXFileReference section */
		0889C444FA24CF423A6976F1 /* libPods.a */ = {isa = PBXFileReference; explicitFileType = archive.ar; includeInIndex = 0; path = libPods.a; sourceTree = BUILT_PRODUCTS_DIR; };
		12C5F39CD4D16BE59D4AA833 /* Pods.debug.xcconfig */ = {isa = PBXFileReference; includeInIndex = 1; lastKnownFileType = text.xcconfig; name = Pods.debug.xcconfig; path = "Pods/Target Support Files/Pods/Pods.debug.xcconfig"; sourceTree = "<group>"; };
		3F05BCE3661CE86D1DEC7CEF /* Pods.release.xcconfig */ = {isa = PBXFileReference; includeInIndex = 1; lastKnownFileType = text.xcconfig; name = Pods.release.xcconfig; path = "Pods/Target Support Files/Pods/Pods.release.xcconfig"; sourceTree = "<group>"; };
		9188E2311B150FEB0072EA6B /* Hint.h */ = {isa = PBXFileReference; fileEncoding = 4; lastKnownFileType = sourcecode.c.h; path = Hint.h; sourceTree = "<group>"; };
		9188E2321B150FEB0072EA6B /* Hint.m */ = {isa = PBXFileReference; fileEncoding = 4; lastKnownFileType = sourcecode.c.objc; path = Hint.m; sourceTree = "<group>"; };
		9188E2341B151E100072EA6B /* Authentication.h */ = {isa = PBXFileReference; fileEncoding = 4; lastKnownFileType = sourcecode.c.h; path = Authentication.h; sourceTree = "<group>"; };
		9188E2351B151E100072EA6B /* Authentication.m */ = {isa = PBXFileReference; fileEncoding = 4; lastKnownFileType = sourcecode.c.objc; path = Authentication.m; sourceTree = "<group>"; };
		9188E2371B151E850072EA6B /* RecoveryQuestion.h */ = {isa = PBXFileReference; fileEncoding = 4; lastKnownFileType = sourcecode.c.h; path = RecoveryQuestion.h; sourceTree = "<group>"; };
		9188E2381B151E850072EA6B /* RecoveryQuestion.m */ = {isa = PBXFileReference; fileEncoding = 4; lastKnownFileType = sourcecode.c.objc; path = RecoveryQuestion.m; sourceTree = "<group>"; };
		9188E23A1B151F560072EA6B /* User.h */ = {isa = PBXFileReference; fileEncoding = 4; lastKnownFileType = sourcecode.c.h; path = User.h; sourceTree = "<group>"; };
		9188E23B1B151F560072EA6B /* User.m */ = {isa = PBXFileReference; fileEncoding = 4; lastKnownFileType = sourcecode.c.objc; path = User.m; sourceTree = "<group>"; };
		9188E23C1B151F560072EA6B /* UserProfile.h */ = {isa = PBXFileReference; fileEncoding = 4; lastKnownFileType = sourcecode.c.h; path = UserProfile.h; sourceTree = "<group>"; };
		9188E23D1B151F560072EA6B /* UserProfile.m */ = {isa = PBXFileReference; fileEncoding = 4; lastKnownFileType = sourcecode.c.objc; path = UserProfile.m; sourceTree = "<group>"; };
		9188E2401B1533260072EA6B /* AuthAPIClient.h */ = {isa = PBXFileReference; fileEncoding = 4; lastKnownFileType = sourcecode.c.h; path = AuthAPIClient.h; sourceTree = "<group>"; };
		9188E2411B1533260072EA6B /* AuthAPIClient.m */ = {isa = PBXFileReference; fileEncoding = 4; lastKnownFileType = sourcecode.c.objc; path = AuthAPIClient.m; sourceTree = "<group>"; };
		9188E24F1B1D6F1C0072EA6B /* SMSFactorProfile.h */ = {isa = PBXFileReference; fileEncoding = 4; lastKnownFileType = sourcecode.c.h; path = SMSFactorProfile.h; sourceTree = "<group>"; };
		9188E2501B1D6F1C0072EA6B /* SMSFactorProfile.m */ = {isa = PBXFileReference; fileEncoding = 4; lastKnownFileType = sourcecode.c.objc; path = SMSFactorProfile.m; sourceTree = "<group>"; };
		9188E2511B1D6F1C0072EA6B /* TOTPFactorActivation.h */ = {isa = PBXFileReference; fileEncoding = 4; lastKnownFileType = sourcecode.c.h; path = TOTPFactorActivation.h; sourceTree = "<group>"; };
		9188E2521B1D6F1C0072EA6B /* TOTPFactorActivation.m */ = {isa = PBXFileReference; fileEncoding = 4; lastKnownFileType = sourcecode.c.objc; path = TOTPFactorActivation.m; sourceTree = "<group>"; };
		9188E2531B1D6F1C0072EA6B /* TOTPFactorProfile.h */ = {isa = PBXFileReference; fileEncoding = 4; lastKnownFileType = sourcecode.c.h; path = TOTPFactorProfile.h; sourceTree = "<group>"; };
		9188E2541B1D6F1C0072EA6B /* TOTPFactorProfile.m */ = {isa = PBXFileReference; fileEncoding = 4; lastKnownFileType = sourcecode.c.objc; path = TOTPFactorProfile.m; sourceTree = "<group>"; };
		9188E2581B1D70380072EA6B /* Phone.h */ = {isa = PBXFileReference; fileEncoding = 4; lastKnownFileType = sourcecode.c.h; path = Phone.h; sourceTree = "<group>"; };
		9188E2591B1D70380072EA6B /* Phone.m */ = {isa = PBXFileReference; fileEncoding = 4; lastKnownFileType = sourcecode.c.objc; path = Phone.m; sourceTree = "<group>"; };
		9188E25A1B1D70380072EA6B /* PhoneProfile.h */ = {isa = PBXFileReference; fileEncoding = 4; lastKnownFileType = sourcecode.c.h; path = PhoneProfile.h; sourceTree = "<group>"; };
		9188E25B1B1D70380072EA6B /* PhoneProfile.m */ = {isa = PBXFileReference; fileEncoding = 4; lastKnownFileType = sourcecode.c.objc; path = PhoneProfile.m; sourceTree = "<group>"; };
		9188E25C1B1D70380072EA6B /* QuestionFactorProfile.h */ = {isa = PBXFileReference; fileEncoding = 4; lastKnownFileType = sourcecode.c.h; path = QuestionFactorProfile.h; sourceTree = "<group>"; };
		9188E25D1B1D70380072EA6B /* QuestionFactorProfile.m */ = {isa = PBXFileReference; fileEncoding = 4; lastKnownFileType = sourcecode.c.objc; path = QuestionFactorProfile.m; sourceTree = "<group>"; };
		9188E2611B1D705F0072EA6B /* OKSession.h */ = {isa = PBXFileReference; fileEncoding = 4; lastKnownFileType = sourcecode.c.h; path = OKSession.h; sourceTree = "<group>"; };
		9188E2621B1D705F0072EA6B /* OKSession.m */ = {isa = PBXFileReference; fileEncoding = 4; lastKnownFileType = sourcecode.c.objc; path = OKSession.m; sourceTree = "<group>"; };
		9188E2641B1D70750072EA6B /* Factor.h */ = {isa = PBXFileReference; fileEncoding = 4; lastKnownFileType = sourcecode.c.h; path = Factor.h; sourceTree = "<group>"; };
		9188E2651B1D70750072EA6B /* Factor.m */ = {isa = PBXFileReference; fileEncoding = 4; lastKnownFileType = sourcecode.c.objc; path = Factor.m; sourceTree = "<group>"; };
		9188E2661B1D70750072EA6B /* FactorProfile.h */ = {isa = PBXFileReference; fileEncoding = 4; lastKnownFileType = sourcecode.c.h; path = FactorProfile.h; sourceTree = "<group>"; };
		9188E2671B1D70750072EA6B /* FactorProfile.m */ = {isa = PBXFileReference; fileEncoding = 4; lastKnownFileType = sourcecode.c.objc; path = FactorProfile.m; sourceTree = "<group>"; };
		9188E26A1B1D70BB0072EA6B /* AuthenticationContext.h */ = {isa = PBXFileReference; fileEncoding = 4; lastKnownFileType = sourcecode.c.h; path = AuthenticationContext.h; sourceTree = "<group>"; };
		9188E26B1B1D70BB0072EA6B /* AuthenticationContext.m */ = {isa = PBXFileReference; fileEncoding = 4; lastKnownFileType = sourcecode.c.objc; path = AuthenticationContext.m; sourceTree = "<group>"; };
		91F2B3FA1B0D0D1B007E14CC /* OvercoatTest.app */ = {isa = PBXFileReference; explicitFileType = wrapper.application; includeInIndex = 0; path = OvercoatTest.app; sourceTree = BUILT_PRODUCTS_DIR; };
		91F2B3FE1B0D0D1B007E14CC /* Info.plist */ = {isa = PBXFileReference; lastKnownFileType = text.plist.xml; path = Info.plist; sourceTree = "<group>"; };
		91F2B3FF1B0D0D1B007E14CC /* main.m */ = {isa = PBXFileReference; lastKnownFileType = sourcecode.c.objc; path = main.m; sourceTree = "<group>"; };
		91F2B4011B0D0D1B007E14CC /* AppDelegate.h */ = {isa = PBXFileReference; lastKnownFileType = sourcecode.c.h; path = AppDelegate.h; sourceTree = "<group>"; };
		91F2B4021B0D0D1B007E14CC /* AppDelegate.m */ = {isa = PBXFileReference; lastKnownFileType = sourcecode.c.objc; path = AppDelegate.m; sourceTree = "<group>"; };
		91F2B4041B0D0D1B007E14CC /* ViewController.h */ = {isa = PBXFileReference; lastKnownFileType = sourcecode.c.h; path = ViewController.h; sourceTree = "<group>"; };
		91F2B4051B0D0D1B007E14CC /* ViewController.m */ = {isa = PBXFileReference; lastKnownFileType = sourcecode.c.objc; path = ViewController.m; sourceTree = "<group>"; };
		91F2B4081B0D0D1B007E14CC /* Base */ = {isa = PBXFileReference; lastKnownFileType = file.storyboard; name = Base; path = Base.lproj/Main.storyboard; sourceTree = "<group>"; };
		91F2B40A1B0D0D1B007E14CC /* Images.xcassets */ = {isa = PBXFileReference; lastKnownFileType = folder.assetcatalog; path = Images.xcassets; sourceTree = "<group>"; };
		91F2B40D1B0D0D1B007E14CC /* Base */ = {isa = PBXFileReference; lastKnownFileType = file.xib; name = Base; path = Base.lproj/LaunchScreen.xib; sourceTree = "<group>"; };
		91F2B4131B0D0D1B007E14CC /* OvercoatTestTests.xctest */ = {isa = PBXFileReference; explicitFileType = wrapper.cfbundle; includeInIndex = 0; path = OvercoatTestTests.xctest; sourceTree = BUILT_PRODUCTS_DIR; };
		91F2B4181B0D0D1B007E14CC /* Info.plist */ = {isa = PBXFileReference; lastKnownFileType = text.plist.xml; path = Info.plist; sourceTree = "<group>"; };
		91F2B4191B0D0D1B007E14CC /* OvercoatTestTests.m */ = {isa = PBXFileReference; lastKnownFileType = sourcecode.c.objc; path = OvercoatTestTests.m; sourceTree = "<group>"; };
		91F2B4281B0D5296007E14CC /* Link.h */ = {isa = PBXFileReference; fileEncoding = 4; lastKnownFileType = sourcecode.c.h; path = Link.h; sourceTree = "<group>"; };
		91F2B4291B0D5296007E14CC /* Link.m */ = {isa = PBXFileReference; fileEncoding = 4; lastKnownFileType = sourcecode.c.objc; path = Link.m; sourceTree = "<group>"; };
/* End PBXFileReference section */

/* Begin PBXFrameworksBuildPhase section */
		91F2B3F71B0D0D1B007E14CC /* Frameworks */ = {
			isa = PBXFrameworksBuildPhase;
			buildActionMask = 2147483647;
			files = (
				14A855249CE5FDE3F4B79F00 /* libPods.a in Frameworks */,
			);
			runOnlyForDeploymentPostprocessing = 0;
		};
		91F2B4101B0D0D1B007E14CC /* Frameworks */ = {
			isa = PBXFrameworksBuildPhase;
			buildActionMask = 2147483647;
			files = (
			);
			runOnlyForDeploymentPostprocessing = 0;
		};
/* End PBXFrameworksBuildPhase section */

/* Begin PBXGroup section */
		066957FDDCAF24EC7A714DFC /* Frameworks */ = {
			isa = PBXGroup;
			children = (
				0889C444FA24CF423A6976F1 /* libPods.a */,
			);
			name = Frameworks;
			sourceTree = "<group>";
		};
		3D7E5397692CE49801F59FDA /* Pods */ = {
			isa = PBXGroup;
			children = (
				12C5F39CD4D16BE59D4AA833 /* Pods.debug.xcconfig */,
				3F05BCE3661CE86D1DEC7CEF /* Pods.release.xcconfig */,
			);
			name = Pods;
			sourceTree = "<group>";
		};
		91F2B3F11B0D0D1B007E14CC = {
			isa = PBXGroup;
			children = (
				91F2B3FC1B0D0D1B007E14CC /* OvercoatTest */,
				91F2B4161B0D0D1B007E14CC /* OvercoatTestTests */,
				91F2B3FB1B0D0D1B007E14CC /* Products */,
				3D7E5397692CE49801F59FDA /* Pods */,
				066957FDDCAF24EC7A714DFC /* Frameworks */,
			);
			sourceTree = "<group>";
		};
		91F2B3FB1B0D0D1B007E14CC /* Products */ = {
			isa = PBXGroup;
			children = (
				91F2B3FA1B0D0D1B007E14CC /* OvercoatTest.app */,
				91F2B4131B0D0D1B007E14CC /* OvercoatTestTests.xctest */,
			);
			name = Products;
			sourceTree = "<group>";
		};
		91F2B3FC1B0D0D1B007E14CC /* OvercoatTest */ = {
			isa = PBXGroup;
			children = (
				91F2B4241B0D0D44007E14CC /* Model */,
				91F2B4231B0D0D37007E14CC /* Client */,
				91F2B4011B0D0D1B007E14CC /* AppDelegate.h */,
				91F2B4021B0D0D1B007E14CC /* AppDelegate.m */,
				91F2B4041B0D0D1B007E14CC /* ViewController.h */,
				91F2B4051B0D0D1B007E14CC /* ViewController.m */,
				91F2B4071B0D0D1B007E14CC /* Main.storyboard */,
				91F2B40A1B0D0D1B007E14CC /* Images.xcassets */,
				91F2B40C1B0D0D1B007E14CC /* LaunchScreen.xib */,
				91F2B3FD1B0D0D1B007E14CC /* Supporting Files */,
			);
			path = OvercoatTest;
			sourceTree = "<group>";
		};
		91F2B3FD1B0D0D1B007E14CC /* Supporting Files */ = {
			isa = PBXGroup;
			children = (
				91F2B3FE1B0D0D1B007E14CC /* Info.plist */,
				91F2B3FF1B0D0D1B007E14CC /* main.m */,
			);
			name = "Supporting Files";
			sourceTree = "<group>";
		};
		91F2B4161B0D0D1B007E14CC /* OvercoatTestTests */ = {
			isa = PBXGroup;
			children = (
				91F2B4191B0D0D1B007E14CC /* OvercoatTestTests.m */,
				91F2B4171B0D0D1B007E14CC /* Supporting Files */,
			);
			path = OvercoatTestTests;
			sourceTree = "<group>";
		};
		91F2B4171B0D0D1B007E14CC /* Supporting Files */ = {
			isa = PBXGroup;
			children = (
				91F2B4181B0D0D1B007E14CC /* Info.plist */,
			);
			name = "Supporting Files";
			sourceTree = "<group>";
		};
		91F2B4231B0D0D37007E14CC /* Client */ = {
			isa = PBXGroup;
			children = (
				9188E2401B1533260072EA6B /* AuthAPIClient.h */,
				9188E2411B1533260072EA6B /* AuthAPIClient.m */,
			);
			name = Client;
			sourceTree = "<group>";
		};
		91F2B4241B0D0D44007E14CC /* Model */ = {
			isa = PBXGroup;
			children = (
				9188E2581B1D70380072EA6B /* Phone.h */,
				9188E2591B1D70380072EA6B /* Phone.m */,
				9188E25A1B1D70380072EA6B /* PhoneProfile.h */,
				9188E25B1B1D70380072EA6B /* PhoneProfile.m */,
				9188E25C1B1D70380072EA6B /* QuestionFactorProfile.h */,
				9188E25D1B1D70380072EA6B /* QuestionFactorProfile.m */,
				9188E2641B1D70750072EA6B /* Factor.h */,
				9188E2651B1D70750072EA6B /* Factor.m */,
				9188E2661B1D70750072EA6B /* FactorProfile.h */,
				9188E2671B1D70750072EA6B /* FactorProfile.m */,
				9188E24F1B1D6F1C0072EA6B /* SMSFactorProfile.h */,
				9188E2501B1D6F1C0072EA6B /* SMSFactorProfile.m */,
				9188E2611B1D705F0072EA6B /* OKSession.h */,
				9188E2621B1D705F0072EA6B /* OKSession.m */,
				9188E2511B1D6F1C0072EA6B /* TOTPFactorActivation.h */,
				9188E2521B1D6F1C0072EA6B /* TOTPFactorActivation.m */,
				9188E2531B1D6F1C0072EA6B /* TOTPFactorProfile.h */,
				9188E2541B1D6F1C0072EA6B /* TOTPFactorProfile.m */,
				9188E23A1B151F560072EA6B /* User.h */,
				9188E23B1B151F560072EA6B /* User.m */,
				9188E23C1B151F560072EA6B /* UserProfile.h */,
				9188E23D1B151F560072EA6B /* UserProfile.m */,
				9188E2371B151E850072EA6B /* RecoveryQuestion.h */,
				9188E2381B151E850072EA6B /* RecoveryQuestion.m */,
				9188E2341B151E100072EA6B /* Authentication.h */,
				9188E2351B151E100072EA6B /* Authentication.m */,
				9188E26A1B1D70BB0072EA6B /* AuthenticationContext.h */,
				9188E26B1B1D70BB0072EA6B /* AuthenticationContext.m */,
				9188E2311B150FEB0072EA6B /* Hint.h */,
				9188E2321B150FEB0072EA6B /* Hint.m */,
				91F2B4281B0D5296007E14CC /* Link.h */,
				91F2B4291B0D5296007E14CC /* Link.m */,
			);
			name = Model;
			sourceTree = "<group>";
		};
/* End PBXGroup section */

/* Begin PBXNativeTarget section */
		91F2B3F91B0D0D1B007E14CC /* OvercoatTest */ = {
			isa = PBXNativeTarget;
			buildConfigurationList = 91F2B41D1B0D0D1B007E14CC /* Build configuration list for PBXNativeTarget "OvercoatTest" */;
			buildPhases = (
				E7DAA5A7CCAFA9077382DB71 /* Check Pods Manifest.lock */,
				91F2B3F61B0D0D1B007E14CC /* Sources */,
				91F2B3F71B0D0D1B007E14CC /* Frameworks */,
				91F2B3F81B0D0D1B007E14CC /* Resources */,
				DD4F2D7FBDFC8A785EC693CC /* Copy Pods Resources */,
			);
			buildRules = (
			);
			dependencies = (
			);
			name = OvercoatTest;
			productName = OvercoatTest;
			productReference = 91F2B3FA1B0D0D1B007E14CC /* OvercoatTest.app */;
			productType = "com.apple.product-type.application";
		};
		91F2B4121B0D0D1B007E14CC /* OvercoatTestTests */ = {
			isa = PBXNativeTarget;
			buildConfigurationList = 91F2B4201B0D0D1B007E14CC /* Build configuration list for PBXNativeTarget "OvercoatTestTests" */;
			buildPhases = (
				91F2B40F1B0D0D1B007E14CC /* Sources */,
				91F2B4101B0D0D1B007E14CC /* Frameworks */,
				91F2B4111B0D0D1B007E14CC /* Resources */,
			);
			buildRules = (
			);
			dependencies = (
				91F2B4151B0D0D1B007E14CC /* PBXTargetDependency */,
			);
			name = OvercoatTestTests;
			productName = OvercoatTestTests;
			productReference = 91F2B4131B0D0D1B007E14CC /* OvercoatTestTests.xctest */;
			productType = "com.apple.product-type.bundle.unit-test";
		};
/* End PBXNativeTarget section */

/* Begin PBXProject section */
		91F2B3F21B0D0D1B007E14CC /* Project object */ = {
			isa = PBXProject;
			attributes = {
				LastUpgradeCheck = 0630;
				ORGANIZATIONNAME = "Chandra Shirashyad";
				TargetAttributes = {
					91F2B3F91B0D0D1B007E14CC = {
						CreatedOnToolsVersion = 6.3.1;
					};
					91F2B4121B0D0D1B007E14CC = {
						CreatedOnToolsVersion = 6.3.1;
						TestTargetID = 91F2B3F91B0D0D1B007E14CC;
					};
				};
			};
			buildConfigurationList = 91F2B3F51B0D0D1B007E14CC /* Build configuration list for PBXProject "OvercoatTest" */;
			compatibilityVersion = "Xcode 3.2";
			developmentRegion = English;
			hasScannedForEncodings = 0;
			knownRegions = (
				en,
				Base,
			);
			mainGroup = 91F2B3F11B0D0D1B007E14CC;
			productRefGroup = 91F2B3FB1B0D0D1B007E14CC /* Products */;
			projectDirPath = "";
			projectRoot = "";
			targets = (
				91F2B3F91B0D0D1B007E14CC /* OvercoatTest */,
				91F2B4121B0D0D1B007E14CC /* OvercoatTestTests */,
			);
		};
/* End PBXProject section */

/* Begin PBXResourcesBuildPhase section */
		91F2B3F81B0D0D1B007E14CC /* Resources */ = {
			isa = PBXResourcesBuildPhase;
			buildActionMask = 2147483647;
			files = (
				91F2B4091B0D0D1B007E14CC /* Main.storyboard in Resources */,
				91F2B40E1B0D0D1B007E14CC /* LaunchScreen.xib in Resources */,
				91F2B40B1B0D0D1B007E14CC /* Images.xcassets in Resources */,
			);
			runOnlyForDeploymentPostprocessing = 0;
		};
		91F2B4111B0D0D1B007E14CC /* Resources */ = {
			isa = PBXResourcesBuildPhase;
			buildActionMask = 2147483647;
			files = (
			);
			runOnlyForDeploymentPostprocessing = 0;
		};
/* End PBXResourcesBuildPhase section */

/* Begin PBXShellScriptBuildPhase section */
		DD4F2D7FBDFC8A785EC693CC /* Copy Pods Resources */ = {
			isa = PBXShellScriptBuildPhase;
			buildActionMask = 2147483647;
			files = (
			);
			inputPaths = (
			);
			name = "Copy Pods Resources";
			outputPaths = (
			);
			runOnlyForDeploymentPostprocessing = 0;
			shellPath = /bin/sh;
			shellScript = "\"${SRCROOT}/Pods/Target Support Files/Pods/Pods-resources.sh\"\n";
			showEnvVarsInLog = 0;
		};
		E7DAA5A7CCAFA9077382DB71 /* Check Pods Manifest.lock */ = {
			isa = PBXShellScriptBuildPhase;
			buildActionMask = 2147483647;
			files = (
			);
			inputPaths = (
			);
			name = "Check Pods Manifest.lock";
			outputPaths = (
			);
			runOnlyForDeploymentPostprocessing = 0;
			shellPath = /bin/sh;
			shellScript = "diff \"${PODS_ROOT}/../Podfile.lock\" \"${PODS_ROOT}/Manifest.lock\" > /dev/null\nif [[ $? != 0 ]] ; then\n    cat << EOM\nerror: The sandbox is not in sync with the Podfile.lock. Run 'pod install' or update your CocoaPods installation.\nEOM\n    exit 1\nfi\n";
			showEnvVarsInLog = 0;
		};
/* End PBXShellScriptBuildPhase section */

/* Begin PBXSourcesBuildPhase section */
		91F2B3F61B0D0D1B007E14CC /* Sources */ = {
			isa = PBXSourcesBuildPhase;
			buildActionMask = 2147483647;
			files = (
				9188E2571B1D6F1C0072EA6B /* TOTPFactorProfile.m in Sources */,
				9188E23E1B151F560072EA6B /* User.m in Sources */,
				9188E2681B1D70750072EA6B /* Factor.m in Sources */,
				91F2B4061B0D0D1B007E14CC /* ViewController.m in Sources */,
				9188E23F1B151F560072EA6B /* UserProfile.m in Sources */,
				9188E2361B151E100072EA6B /* Authentication.m in Sources */,
				91F2B4031B0D0D1B007E14CC /* AppDelegate.m in Sources */,
				9188E2421B1533260072EA6B /* AuthAPIClient.m in Sources */,
				9188E2551B1D6F1C0072EA6B /* SMSFactorProfile.m in Sources */,
				9188E2561B1D6F1C0072EA6B /* TOTPFactorActivation.m in Sources */,
				9188E2691B1D70750072EA6B /* FactorProfile.m in Sources */,
				9188E26C1B1D70BB0072EA6B /* AuthenticationContext.m in Sources */,
				91F2B4001B0D0D1B007E14CC /* main.m in Sources */,
				9188E2601B1D70380072EA6B /* QuestionFactorProfile.m in Sources */,
				9188E2631B1D705F0072EA6B /* OKSession.m in Sources */,
				9188E25E1B1D70380072EA6B /* Phone.m in Sources */,
				9188E25F1B1D70380072EA6B /* PhoneProfile.m in Sources */,
				9188E2331B150FEB0072EA6B /* Hint.m in Sources */,
				9188E2391B151E850072EA6B /* RecoveryQuestion.m in Sources */,
				91F2B42A1B0D5296007E14CC /* Link.m in Sources */,
			);
			runOnlyForDeploymentPostprocessing = 0;
		};
		91F2B40F1B0D0D1B007E14CC /* Sources */ = {
			isa = PBXSourcesBuildPhase;
			buildActionMask = 2147483647;
			files = (
				91F2B41A1B0D0D1B007E14CC /* OvercoatTestTests.m in Sources */,
			);
			runOnlyForDeploymentPostprocessing = 0;
		};
/* End PBXSourcesBuildPhase section */

/* Begin PBXTargetDependency section */
		91F2B4151B0D0D1B007E14CC /* PBXTargetDependency */ = {
			isa = PBXTargetDependency;
			target = 91F2B3F91B0D0D1B007E14CC /* OvercoatTest */;
			targetProxy = 91F2B4141B0D0D1B007E14CC /* PBXContainerItemProxy */;
		};
/* End PBXTargetDependency section */

/* Begin PBXVariantGroup section */
		91F2B4071B0D0D1B007E14CC /* Main.storyboard */ = {
			isa = PBXVariantGroup;
			children = (
				91F2B4081B0D0D1B007E14CC /* Base */,
			);
			name = Main.storyboard;
			sourceTree = "<group>";
		};
		91F2B40C1B0D0D1B007E14CC /* LaunchScreen.xib */ = {
			isa = PBXVariantGroup;
			children = (
				91F2B40D1B0D0D1B007E14CC /* Base */,
			);
			name = LaunchScreen.xib;
			sourceTree = "<group>";
		};
/* End PBXVariantGroup section */

/* Begin XCBuildConfiguration section */
		91F2B41B1B0D0D1B007E14CC /* Debug */ = {
			isa = XCBuildConfiguration;
			buildSettings = {
				ALWAYS_SEARCH_USER_PATHS = NO;
				CLANG_CXX_LANGUAGE_STANDARD = "gnu++0x";
				CLANG_CXX_LIBRARY = "libc++";
				CLANG_ENABLE_MODULES = YES;
				CLANG_ENABLE_OBJC_ARC = YES;
				CLANG_WARN_BOOL_CONVERSION = YES;
				CLANG_WARN_CONSTANT_CONVERSION = YES;
				CLANG_WARN_DIRECT_OBJC_ISA_USAGE = YES_ERROR;
				CLANG_WARN_EMPTY_BODY = YES;
				CLANG_WARN_ENUM_CONVERSION = YES;
				CLANG_WARN_INT_CONVERSION = YES;
				CLANG_WARN_OBJC_ROOT_CLASS = YES_ERROR;
				CLANG_WARN_UNREACHABLE_CODE = YES;
				CLANG_WARN__DUPLICATE_METHOD_MATCH = YES;
				"CODE_SIGN_IDENTITY[sdk=iphoneos*]" = "iPhone Developer";
				COPY_PHASE_STRIP = NO;
				DEBUG_INFORMATION_FORMAT = "dwarf-with-dsym";
				ENABLE_STRICT_OBJC_MSGSEND = YES;
				GCC_C_LANGUAGE_STANDARD = gnu99;
				GCC_DYNAMIC_NO_PIC = NO;
				GCC_NO_COMMON_BLOCKS = YES;
				GCC_OPTIMIZATION_LEVEL = 0;
				GCC_PREPROCESSOR_DEFINITIONS = (
					"DEBUG=1",
					"$(inherited)",
				);
				GCC_SYMBOLS_PRIVATE_EXTERN = NO;
				GCC_WARN_64_TO_32_BIT_CONVERSION = YES;
				GCC_WARN_ABOUT_RETURN_TYPE = YES_ERROR;
				GCC_WARN_UNDECLARED_SELECTOR = YES;
				GCC_WARN_UNINITIALIZED_AUTOS = YES_AGGRESSIVE;
				GCC_WARN_UNUSED_FUNCTION = YES;
				GCC_WARN_UNUSED_VARIABLE = YES;
				IPHONEOS_DEPLOYMENT_TARGET = 8.3;
				MTL_ENABLE_DEBUG_INFO = YES;
				ONLY_ACTIVE_ARCH = YES;
				SDKROOT = iphoneos;
				TARGETED_DEVICE_FAMILY = "1,2";
			};
			name = Debug;
		};
		91F2B41C1B0D0D1B007E14CC /* Release */ = {
			isa = XCBuildConfiguration;
			buildSettings = {
				ALWAYS_SEARCH_USER_PATHS = NO;
				CLANG_CXX_LANGUAGE_STANDARD = "gnu++0x";
				CLANG_CXX_LIBRARY = "libc++";
				CLANG_ENABLE_MODULES = YES;
				CLANG_ENABLE_OBJC_ARC = YES;
				CLANG_WARN_BOOL_CONVERSION = YES;
				CLANG_WARN_CONSTANT_CONVERSION = YES;
				CLANG_WARN_DIRECT_OBJC_ISA_USAGE = YES_ERROR;
				CLANG_WARN_EMPTY_BODY = YES;
				CLANG_WARN_ENUM_CONVERSION = YES;
				CLANG_WARN_INT_CONVERSION = YES;
				CLANG_WARN_OBJC_ROOT_CLASS = YES_ERROR;
				CLANG_WARN_UNREACHABLE_CODE = YES;
				CLANG_WARN__DUPLICATE_METHOD_MATCH = YES;
				"CODE_SIGN_IDENTITY[sdk=iphoneos*]" = "iPhone Developer";
				COPY_PHASE_STRIP = NO;
				DEBUG_INFORMATION_FORMAT = "dwarf-with-dsym";
				ENABLE_NS_ASSERTIONS = NO;
				ENABLE_STRICT_OBJC_MSGSEND = YES;
				GCC_C_LANGUAGE_STANDARD = gnu99;
				GCC_NO_COMMON_BLOCKS = YES;
				GCC_WARN_64_TO_32_BIT_CONVERSION = YES;
				GCC_WARN_ABOUT_RETURN_TYPE = YES_ERROR;
				GCC_WARN_UNDECLARED_SELECTOR = YES;
				GCC_WARN_UNINITIALIZED_AUTOS = YES_AGGRESSIVE;
				GCC_WARN_UNUSED_FUNCTION = YES;
				GCC_WARN_UNUSED_VARIABLE = YES;
				IPHONEOS_DEPLOYMENT_TARGET = 8.3;
				MTL_ENABLE_DEBUG_INFO = NO;
				SDKROOT = iphoneos;
				TARGETED_DEVICE_FAMILY = "1,2";
				VALIDATE_PRODUCT = YES;
			};
			name = Release;
		};
		91F2B41E1B0D0D1B007E14CC /* Debug */ = {
			isa = XCBuildConfiguration;
			baseConfigurationReference = 12C5F39CD4D16BE59D4AA833 /* Pods.debug.xcconfig */;
			buildSettings = {
				ASSETCATALOG_COMPILER_APPICON_NAME = AppIcon;
				INFOPLIST_FILE = OvercoatTest/Info.plist;
				LD_RUNPATH_SEARCH_PATHS = "$(inherited) @executable_path/Frameworks";
				PRODUCT_NAME = "$(TARGET_NAME)";
			};
			name = Debug;
		};
		91F2B41F1B0D0D1B007E14CC /* Release */ = {
			isa = XCBuildConfiguration;
			baseConfigurationReference = 3F05BCE3661CE86D1DEC7CEF /* Pods.release.xcconfig */;
			buildSettings = {
				ASSETCATALOG_COMPILER_APPICON_NAME = AppIcon;
				INFOPLIST_FILE = OvercoatTest/Info.plist;
				LD_RUNPATH_SEARCH_PATHS = "$(inherited) @executable_path/Frameworks";
				PRODUCT_NAME = "$(TARGET_NAME)";
			};
			name = Release;
		};
		91F2B4211B0D0D1B007E14CC /* Debug */ = {
			isa = XCBuildConfiguration;
			buildSettings = {
				BUNDLE_LOADER = "$(TEST_HOST)";
				FRAMEWORK_SEARCH_PATHS = (
					"$(SDKROOT)/Developer/Library/Frameworks",
					"$(inherited)",
				);
				GCC_PREPROCESSOR_DEFINITIONS = (
					"DEBUG=1",
					"$(inherited)",
				);
				INFOPLIST_FILE = OvercoatTestTests/Info.plist;
				LD_RUNPATH_SEARCH_PATHS = "$(inherited) @executable_path/Frameworks @loader_path/Frameworks";
				PRODUCT_NAME = "$(TARGET_NAME)";
				TEST_HOST = "$(BUILT_PRODUCTS_DIR)/OvercoatTest.app/OvercoatTest";
			};
			name = Debug;
		};
		91F2B4221B0D0D1B007E14CC /* Release */ = {
			isa = XCBuildConfiguration;
			buildSettings = {
				BUNDLE_LOADER = "$(TEST_HOST)";
				FRAMEWORK_SEARCH_PATHS = (
					"$(SDKROOT)/Developer/Library/Frameworks",
					"$(inherited)",
				);
				INFOPLIST_FILE = OvercoatTestTests/Info.plist;
				LD_RUNPATH_SEARCH_PATHS = "$(inherited) @executable_path/Frameworks @loader_path/Frameworks";
				PRODUCT_NAME = "$(TARGET_NAME)";
				TEST_HOST = "$(BUILT_PRODUCTS_DIR)/OvercoatTest.app/OvercoatTest";
			};
			name = Release;
		};
/* End XCBuildConfiguration section */

/* Begin XCConfigurationList section */
		91F2B3F51B0D0D1B007E14CC /* Build configuration list for PBXProject "OvercoatTest" */ = {
			isa = XCConfigurationList;
			buildConfigurations = (
				91F2B41B1B0D0D1B007E14CC /* Debug */,
				91F2B41C1B0D0D1B007E14CC /* Release */,
			);
			defaultConfigurationIsVisible = 0;
			defaultConfigurationName = Release;
		};
		91F2B41D1B0D0D1B007E14CC /* Build configuration list for PBXNativeTarget "OvercoatTest" */ = {
			isa = XCConfigurationList;
			buildConfigurations = (
				91F2B41E1B0D0D1B007E14CC /* Debug */,
				91F2B41F1B0D0D1B007E14CC /* Release */,
			);
			defaultConfigurationIsVisible = 0;
			defaultConfigurationName = Release;
		};
		91F2B4201B0D0D1B007E14CC /* Build configuration list for PBXNativeTarget "OvercoatTestTests" */ = {
			isa = XCConfigurationList;
			buildConfigurations = (
				91F2B4211B0D0D1B007E14CC /* Debug */,
				91F2B4221B0D0D1B007E14CC /* Release */,
			);
			defaultConfigurationIsVisible = 0;
			defaultConfigurationName = Release;
		};
/* End XCConfigurationList section */
	};
	rootObject = 91F2B3F21B0D0D1B007E14CC /* Project object */;
}
